
Microsoft Visual Studio Solution File, Format Version 11.00
# Visual C# Express 2010
Project("{FAE04EC0-301F-11D3-BF4B-00C04F79EFBC}") = "Helix", "Helix\Helix.csproj", "{70C2C29D-0243-41CB-85B7-EF3DDAB8AA00}"
EndProject
Global
	GlobalSection(SolutionConfigurationPlatforms) = preSolution
		Debug|Any CPU = Debug|Any CPU
		Release|Any CPU = Release|Any CPU
	EndGlobalSection
	GlobalSection(ProjectConfigurationPlatforms) = postSolution
		{70C2C29D-0243-41CB-85B7-EF3DDAB8AA00}.Debug|Any CPU.ActiveCfg = Debug|Any CPU
		{70C2C29D-0243-41CB-85B7-EF3DDAB8AA00}.Debug|Any CPU.Build.0 = Debug|Any CPU
		{70C2C29D-0243-41CB-85B7-EF3DDAB8AA00}.Release|Any CPU.ActiveCfg = Release|Any CPU
		{70C2C29D-0243-41CB-85B7-EF3DDAB8AA00}.Release|Any CPU.Build.0 = Release|Any CPU
	EndGlobalSection
	GlobalSection(SolutionProperties) = preSolution
		HideSolutionNode = FALSE
	EndGlobalSection
EndGlobal
